// !$*UTF8*$!
{
	archiveVersion = 1;
	classes = {
	};
	objectVersion = 52;
	objects = {

/* Begin PBXBuildFile section */
		14A26FE3C6E851DDBFB13437 /* Pods_Reddit_Client.framework in Frameworks */ = {isa = PBXBuildFile; fileRef = 314E89FB04F16F39FB82814C /* Pods_Reddit_Client.framework */; };
		BE110740234B9D9000CDDD5E /* RefreshLogin.swift in Sources */ = {isa = PBXBuildFile; fileRef = BE11073F234B9D9000CDDD5E /* RefreshLogin.swift */; };
		BE110741234BB87300CDDD5E /* CommentCell.swift in Sources */ = {isa = PBXBuildFile; fileRef = BED9166D234AFC24002AAE0A /* CommentCell.swift */; };
		BE110743234BBFE400CDDD5E /* ContentCell.swift in Sources */ = {isa = PBXBuildFile; fileRef = BE110742234BBFE400CDDD5E /* ContentCell.swift */; };
		BE110745234C2A6500CDDD5E /* RichVideoContentCell.xib in Resources */ = {isa = PBXBuildFile; fileRef = BE110744234C2A6500CDDD5E /* RichVideoContentCell.xib */; };
		BE110749234C2A9800CDDD5E /* LinkContentCell.xib in Resources */ = {isa = PBXBuildFile; fileRef = BE110748234C2A9800CDDD5E /* LinkContentCell.xib */; };
		BE3089A52345DE0F00E3A2BC /* Just in Frameworks */ = {isa = PBXBuildFile; productRef = BE3089A42345DE0F00E3A2BC /* Just */; };
		BE5E9D1423486E2600C78A80 /* ContentViewController.swift in Sources */ = {isa = PBXBuildFile; fileRef = BE5E9D1323486E2600C78A80 /* ContentViewController.swift */; };
		BE612C1523452C8700FD87D4 /* icons in Resources */ = {isa = PBXBuildFile; fileRef = BE612C1423452C8700FD87D4 /* icons */; };
		BE72BF092346F2DC0091B5E7 /* PostType.swift in Sources */ = {isa = PBXBuildFile; fileRef = BE72BF082346F2DC0091B5E7 /* PostType.swift */; };
		BE72BF0B2346F65D0091B5E7 /* UserDataType.swift in Sources */ = {isa = PBXBuildFile; fileRef = BE72BF0A2346F65D0091B5E7 /* UserDataType.swift */; };
		BE72BF0D2346FF530091B5E7 /* SubredditDataType.swift in Sources */ = {isa = PBXBuildFile; fileRef = BE72BF0C2346FF530091B5E7 /* SubredditDataType.swift */; };
		BE72BF0F23471D5A0091B5E7 /* PostObject.swift in Sources */ = {isa = PBXBuildFile; fileRef = BE72BF0E23471D5A0091B5E7 /* PostObject.swift */; };
		BE72BF1223473F740091B5E7 /* SDWebImage in Frameworks */ = {isa = PBXBuildFile; productRef = BE72BF1123473F740091B5E7 /* SDWebImage */; };
		BE72BF1423473F740091B5E7 /* SDWebImageMapKit in Frameworks */ = {isa = PBXBuildFile; productRef = BE72BF1323473F740091B5E7 /* SDWebImageMapKit */; };
		BE72BF192347EB800091B5E7 /* UserData.plist in Resources */ = {isa = PBXBuildFile; fileRef = BE72BF182347EB800091B5E7 /* UserData.plist */; };
		BE72BF1B2347ECA30091B5E7 /* UserData.swift in Sources */ = {isa = PBXBuildFile; fileRef = BE72BF1A2347ECA30091B5E7 /* UserData.swift */; };
		BE7A817B2343A8DB00C9D490 /* AppDelegate.swift in Sources */ = {isa = PBXBuildFile; fileRef = BE7A817A2343A8DB00C9D490 /* AppDelegate.swift */; };
		BE7A817D2343A8DB00C9D490 /* ViewController.swift in Sources */ = {isa = PBXBuildFile; fileRef = BE7A817C2343A8DB00C9D490 /* ViewController.swift */; };
		BE7A81802343A8DB00C9D490 /* Main.storyboard in Resources */ = {isa = PBXBuildFile; fileRef = BE7A817E2343A8DB00C9D490 /* Main.storyboard */; };
		BE7A81822343A8DD00C9D490 /* Assets.xcassets in Resources */ = {isa = PBXBuildFile; fileRef = BE7A81812343A8DD00C9D490 /* Assets.xcassets */; };
		BE7A81852343A8DD00C9D490 /* LaunchScreen.storyboard in Resources */ = {isa = PBXBuildFile; fileRef = BE7A81832343A8DD00C9D490 /* LaunchScreen.storyboard */; };
		BE7A818D2343C6DD00C9D490 /* PostsViewController.swift in Sources */ = {isa = PBXBuildFile; fileRef = BE7A818C2343C6DD00C9D490 /* PostsViewController.swift */; };
		BE7A818F2343DE9A00C9D490 /* ProfileViewController.swift in Sources */ = {isa = PBXBuildFile; fileRef = BE7A818E2343DE9A00C9D490 /* ProfileViewController.swift */; };
		BE7A819323441F4700C9D490 /* PostCellTableViewCell.swift in Sources */ = {isa = PBXBuildFile; fileRef = BE7A819223441F4700C9D490 /* PostCellTableViewCell.swift */; };
		BE909589234ECEF700229873 /* PlayYoutubeCell.xib in Resources */ = {isa = PBXBuildFile; fileRef = BE909588234ECEF700229873 /* PlayYoutubeCell.xib */; };
		BE90958B234ECFBE00229873 /* PlayYoutubeCell.swift in Sources */ = {isa = PBXBuildFile; fileRef = BE90958A234ECFBE00229873 /* PlayYoutubeCell.swift */; };
		BE9095DF234FF15B00229873 /* CommentJson.swift in Sources */ = {isa = PBXBuildFile; fileRef = BE9095DE234FF15B00229873 /* CommentJson.swift */; };
		BECA7067235037DF00F8F336 /* SpinnerViewController.swift in Sources */ = {isa = PBXBuildFile; fileRef = BECA7066235037DF00F8F336 /* SpinnerViewController.swift */; };
		BECA706A2350FD0000F8F336 /* HeaderViewCell.swift in Sources */ = {isa = PBXBuildFile; fileRef = BECA70682350FD0000F8F336 /* HeaderViewCell.swift */; };
		BECA706B2350FD0000F8F336 /* HeaderViewCell.xib in Resources */ = {isa = PBXBuildFile; fileRef = BECA70692350FD0000F8F336 /* HeaderViewCell.xib */; };
		BECA706D2351012800F8F336 /* Header.swift in Sources */ = {isa = PBXBuildFile; fileRef = BECA706C2351012800F8F336 /* Header.swift */; };
		BECA706F2351350D00F8F336 /* ProfileJson.swift in Sources */ = {isa = PBXBuildFile; fileRef = BECA706E2351350D00F8F336 /* ProfileJson.swift */; };
		BED9166223487450002AAE0A /* Content.swift in Sources */ = {isa = PBXBuildFile; fileRef = BED9166123487450002AAE0A /* Content.swift */; };
		BED91668234AC48F002AAE0A /* LogIn.swift in Sources */ = {isa = PBXBuildFile; fileRef = BED91667234AC48F002AAE0A /* LogIn.swift */; };
		BED9166A234AD328002AAE0A /* UserDataUpdate.swift in Sources */ = {isa = PBXBuildFile; fileRef = BED91669234AD328002AAE0A /* UserDataUpdate.swift */; };
		BED91670234B0293002AAE0A /* CommentType.swift in Sources */ = {isa = PBXBuildFile; fileRef = BED9166F234B0293002AAE0A /* CommentType.swift */; };
		BED91674234B2347002AAE0A /* LinkContentCell.swift in Sources */ = {isa = PBXBuildFile; fileRef = BED91673234B2347002AAE0A /* LinkContentCell.swift */; };
		BED91676234B235A002AAE0A /* RichVideoContentCell.swift in Sources */ = {isa = PBXBuildFile; fileRef = BED91675234B235A002AAE0A /* RichVideoContentCell.swift */; };
		BEDFB10D235184E3009CA00A /* ProfileCell.swift in Sources */ = {isa = PBXBuildFile; fileRef = BEDFB10B235184E3009CA00A /* ProfileCell.swift */; };
		BEDFB10E235184E3009CA00A /* ProfileCell.xib in Resources */ = {isa = PBXBuildFile; fileRef = BEDFB10C235184E3009CA00A /* ProfileCell.xib */; };
		BEDFB1112351A8AF009CA00A /* Profile.swift in Sources */ = {isa = PBXBuildFile; fileRef = BEDFB1102351A8AF009CA00A /* Profile.swift */; };
		BEDFB1132354F5D1009CA00A /* Network.swift in Sources */ = {isa = PBXBuildFile; fileRef = BEDFB1122354F5D1009CA00A /* Network.swift */; };
		BEDFB1162354FD05009CA00A /* ProfileCommentCell.swift in Sources */ = {isa = PBXBuildFile; fileRef = BEDFB1142354FD05009CA00A /* ProfileCommentCell.swift */; };
		BEDFB1172354FD05009CA00A /* ProfileCommentCell.xib in Resources */ = {isa = PBXBuildFile; fileRef = BEDFB1152354FD05009CA00A /* ProfileCommentCell.xib */; };
		BEE865C3234E4553008BE15F /* ImageContentCell.swift in Sources */ = {isa = PBXBuildFile; fileRef = BEE865C1234E4553008BE15F /* ImageContentCell.swift */; };
		BEE865C4234E4553008BE15F /* ImageContentCell.xib in Resources */ = {isa = PBXBuildFile; fileRef = BEE865C2234E4553008BE15F /* ImageContentCell.xib */; };
		BEE865C6234E4F29008BE15F /* ContentType.swift in Sources */ = {isa = PBXBuildFile; fileRef = BEE865C5234E4F29008BE15F /* ContentType.swift */; };
/* End PBXBuildFile section */

/* Begin PBXFileReference section */
		314E89FB04F16F39FB82814C /* Pods_Reddit_Client.framework */ = {isa = PBXFileReference; explicitFileType = wrapper.framework; includeInIndex = 0; path = Pods_Reddit_Client.framework; sourceTree = BUILT_PRODUCTS_DIR; };
		8FAF4821889A2A4E168818DE /* Pods-Reddit Client.debug.xcconfig */ = {isa = PBXFileReference; includeInIndex = 1; lastKnownFileType = text.xcconfig; name = "Pods-Reddit Client.debug.xcconfig"; path = "Target Support Files/Pods-Reddit Client/Pods-Reddit Client.debug.xcconfig"; sourceTree = "<group>"; };
		BE11073F234B9D9000CDDD5E /* RefreshLogin.swift */ = {isa = PBXFileReference; lastKnownFileType = sourcecode.swift; path = RefreshLogin.swift; sourceTree = "<group>"; };
		BE110742234BBFE400CDDD5E /* ContentCell.swift */ = {isa = PBXFileReference; lastKnownFileType = sourcecode.swift; path = ContentCell.swift; sourceTree = "<group>"; };
		BE110744234C2A6500CDDD5E /* RichVideoContentCell.xib */ = {isa = PBXFileReference; lastKnownFileType = file.xib; path = RichVideoContentCell.xib; sourceTree = "<group>"; };
		BE110748234C2A9800CDDD5E /* LinkContentCell.xib */ = {isa = PBXFileReference; lastKnownFileType = file.xib; path = LinkContentCell.xib; sourceTree = "<group>"; };
		BE5E9D1323486E2600C78A80 /* ContentViewController.swift */ = {isa = PBXFileReference; lastKnownFileType = sourcecode.swift; path = ContentViewController.swift; sourceTree = "<group>"; };
		BE612C1423452C8700FD87D4 /* icons */ = {isa = PBXFileReference; lastKnownFileType = folder; path = icons; sourceTree = "<group>"; };
		BE72BF082346F2DC0091B5E7 /* PostType.swift */ = {isa = PBXFileReference; lastKnownFileType = sourcecode.swift; path = PostType.swift; sourceTree = "<group>"; };
		BE72BF0A2346F65D0091B5E7 /* UserDataType.swift */ = {isa = PBXFileReference; lastKnownFileType = sourcecode.swift; path = UserDataType.swift; sourceTree = "<group>"; };
		BE72BF0C2346FF530091B5E7 /* SubredditDataType.swift */ = {isa = PBXFileReference; lastKnownFileType = sourcecode.swift; path = SubredditDataType.swift; sourceTree = "<group>"; };
		BE72BF0E23471D5A0091B5E7 /* PostObject.swift */ = {isa = PBXFileReference; lastKnownFileType = sourcecode.swift; path = PostObject.swift; sourceTree = "<group>"; };
		BE72BF182347EB800091B5E7 /* UserData.plist */ = {isa = PBXFileReference; lastKnownFileType = text.plist.xml; path = UserData.plist; sourceTree = "<group>"; };
		BE72BF1A2347ECA30091B5E7 /* UserData.swift */ = {isa = PBXFileReference; lastKnownFileType = sourcecode.swift; path = UserData.swift; sourceTree = "<group>"; };
		BE7A81772343A8DB00C9D490 /* Reddit Client.app */ = {isa = PBXFileReference; explicitFileType = wrapper.application; includeInIndex = 0; path = "Reddit Client.app"; sourceTree = BUILT_PRODUCTS_DIR; };
		BE7A817A2343A8DB00C9D490 /* AppDelegate.swift */ = {isa = PBXFileReference; lastKnownFileType = sourcecode.swift; path = AppDelegate.swift; sourceTree = "<group>"; };
		BE7A817C2343A8DB00C9D490 /* ViewController.swift */ = {isa = PBXFileReference; lastKnownFileType = sourcecode.swift; path = ViewController.swift; sourceTree = "<group>"; };
		BE7A817F2343A8DB00C9D490 /* Base */ = {isa = PBXFileReference; lastKnownFileType = file.storyboard; name = Base; path = Base.lproj/Main.storyboard; sourceTree = "<group>"; };
		BE7A81812343A8DD00C9D490 /* Assets.xcassets */ = {isa = PBXFileReference; lastKnownFileType = folder.assetcatalog; path = Assets.xcassets; sourceTree = "<group>"; };
		BE7A81842343A8DD00C9D490 /* Base */ = {isa = PBXFileReference; lastKnownFileType = file.storyboard; name = Base; path = Base.lproj/LaunchScreen.storyboard; sourceTree = "<group>"; };
		BE7A81862343A8DD00C9D490 /* Info.plist */ = {isa = PBXFileReference; lastKnownFileType = text.plist.xml; path = Info.plist; sourceTree = "<group>"; };
		BE7A818C2343C6DD00C9D490 /* PostsViewController.swift */ = {isa = PBXFileReference; lastKnownFileType = sourcecode.swift; path = PostsViewController.swift; sourceTree = "<group>"; };
		BE7A818E2343DE9A00C9D490 /* ProfileViewController.swift */ = {isa = PBXFileReference; lastKnownFileType = sourcecode.swift; path = ProfileViewController.swift; sourceTree = "<group>"; };
		BE7A819223441F4700C9D490 /* PostCellTableViewCell.swift */ = {isa = PBXFileReference; lastKnownFileType = sourcecode.swift; path = PostCellTableViewCell.swift; sourceTree = "<group>"; };
		BE909588234ECEF700229873 /* PlayYoutubeCell.xib */ = {isa = PBXFileReference; lastKnownFileType = file.xib; path = PlayYoutubeCell.xib; sourceTree = "<group>"; };
		BE90958A234ECFBE00229873 /* PlayYoutubeCell.swift */ = {isa = PBXFileReference; lastKnownFileType = sourcecode.swift; path = PlayYoutubeCell.swift; sourceTree = "<group>"; };
		BE9095DE234FF15B00229873 /* CommentJson.swift */ = {isa = PBXFileReference; lastKnownFileType = sourcecode.swift; path = CommentJson.swift; sourceTree = "<group>"; };
		BECA7066235037DF00F8F336 /* SpinnerViewController.swift */ = {isa = PBXFileReference; lastKnownFileType = sourcecode.swift; path = SpinnerViewController.swift; sourceTree = "<group>"; };
		BECA70682350FD0000F8F336 /* HeaderViewCell.swift */ = {isa = PBXFileReference; lastKnownFileType = sourcecode.swift; path = HeaderViewCell.swift; sourceTree = "<group>"; };
		BECA70692350FD0000F8F336 /* HeaderViewCell.xib */ = {isa = PBXFileReference; lastKnownFileType = file.xib; path = HeaderViewCell.xib; sourceTree = "<group>"; };
		BECA706C2351012800F8F336 /* Header.swift */ = {isa = PBXFileReference; lastKnownFileType = sourcecode.swift; path = Header.swift; sourceTree = "<group>"; };
		BECA706E2351350D00F8F336 /* ProfileJson.swift */ = {isa = PBXFileReference; lastKnownFileType = sourcecode.swift; path = ProfileJson.swift; sourceTree = "<group>"; };
		BED9166123487450002AAE0A /* Content.swift */ = {isa = PBXFileReference; lastKnownFileType = sourcecode.swift; path = Content.swift; sourceTree = "<group>"; };
		BED91667234AC48F002AAE0A /* LogIn.swift */ = {isa = PBXFileReference; lastKnownFileType = sourcecode.swift; path = LogIn.swift; sourceTree = "<group>"; };
		BED91669234AD328002AAE0A /* UserDataUpdate.swift */ = {isa = PBXFileReference; lastKnownFileType = sourcecode.swift; path = UserDataUpdate.swift; sourceTree = "<group>"; };
		BED9166D234AFC24002AAE0A /* CommentCell.swift */ = {isa = PBXFileReference; lastKnownFileType = sourcecode.swift; path = CommentCell.swift; sourceTree = "<group>"; };
		BED9166F234B0293002AAE0A /* CommentType.swift */ = {isa = PBXFileReference; lastKnownFileType = sourcecode.swift; path = CommentType.swift; sourceTree = "<group>"; };
		BED91673234B2347002AAE0A /* LinkContentCell.swift */ = {isa = PBXFileReference; lastKnownFileType = sourcecode.swift; path = LinkContentCell.swift; sourceTree = "<group>"; };
		BED91675234B235A002AAE0A /* RichVideoContentCell.swift */ = {isa = PBXFileReference; lastKnownFileType = sourcecode.swift; path = RichVideoContentCell.swift; sourceTree = "<group>"; };
		BEDFB10B235184E3009CA00A /* ProfileCell.swift */ = {isa = PBXFileReference; lastKnownFileType = sourcecode.swift; path = ProfileCell.swift; sourceTree = "<group>"; };
		BEDFB10C235184E3009CA00A /* ProfileCell.xib */ = {isa = PBXFileReference; lastKnownFileType = file.xib; path = ProfileCell.xib; sourceTree = "<group>"; };
		BEDFB1102351A8AF009CA00A /* Profile.swift */ = {isa = PBXFileReference; lastKnownFileType = sourcecode.swift; path = Profile.swift; sourceTree = "<group>"; };
		BEDFB1122354F5D1009CA00A /* Network.swift */ = {isa = PBXFileReference; lastKnownFileType = sourcecode.swift; path = Network.swift; sourceTree = "<group>"; };
		BEDFB1142354FD05009CA00A /* ProfileCommentCell.swift */ = {isa = PBXFileReference; lastKnownFileType = sourcecode.swift; path = ProfileCommentCell.swift; sourceTree = "<group>"; };
		BEDFB1152354FD05009CA00A /* ProfileCommentCell.xib */ = {isa = PBXFileReference; lastKnownFileType = file.xib; path = ProfileCommentCell.xib; sourceTree = "<group>"; };
		BEE865C1234E4553008BE15F /* ImageContentCell.swift */ = {isa = PBXFileReference; lastKnownFileType = sourcecode.swift; path = ImageContentCell.swift; sourceTree = "<group>"; };
		BEE865C2234E4553008BE15F /* ImageContentCell.xib */ = {isa = PBXFileReference; lastKnownFileType = file.xib; path = ImageContentCell.xib; sourceTree = "<group>"; };
		BEE865C5234E4F29008BE15F /* ContentType.swift */ = {isa = PBXFileReference; lastKnownFileType = sourcecode.swift; path = ContentType.swift; sourceTree = "<group>"; };
		C388F4C366727284DE69AE70 /* Pods-Reddit Client.release.xcconfig */ = {isa = PBXFileReference; includeInIndex = 1; lastKnownFileType = text.xcconfig; name = "Pods-Reddit Client.release.xcconfig"; path = "Target Support Files/Pods-Reddit Client/Pods-Reddit Client.release.xcconfig"; sourceTree = "<group>"; };
/* End PBXFileReference section */

/* Begin PBXFrameworksBuildPhase section */
		BE7A81742343A8DB00C9D490 /* Frameworks */ = {
			isa = PBXFrameworksBuildPhase;
			buildActionMask = 2147483647;
			files = (
				BE72BF1223473F740091B5E7 /* SDWebImage in Frameworks */,
				BE72BF1423473F740091B5E7 /* SDWebImageMapKit in Frameworks */,
				BE3089A52345DE0F00E3A2BC /* Just in Frameworks */,
				14A26FE3C6E851DDBFB13437 /* Pods_Reddit_Client.framework in Frameworks */,
			);
			runOnlyForDeploymentPostprocessing = 0;
		};
/* End PBXFrameworksBuildPhase section */

/* Begin PBXGroup section */
		B9382A251E31184E53ACC071 /* Frameworks */ = {
			isa = PBXGroup;
			children = (
				314E89FB04F16F39FB82814C /* Pods_Reddit_Client.framework */,
			);
			name = Frameworks;
			sourceTree = "<group>";
		};
		BB742341B85C804A76723D58 /* Pods */ = {
			isa = PBXGroup;
			children = (
				8FAF4821889A2A4E168818DE /* Pods-Reddit Client.debug.xcconfig */,
				C388F4C366727284DE69AE70 /* Pods-Reddit Client.release.xcconfig */,
			);
			path = Pods;
			sourceTree = "<group>";
		};
		BE3089A62345E6CE00E3A2BC /* Front Page */ = {
			isa = PBXGroup;
			children = (
				BE7A817C2343A8DB00C9D490 /* ViewController.swift */,
				BECA70682350FD0000F8F336 /* HeaderViewCell.swift */,
				BECA70692350FD0000F8F336 /* HeaderViewCell.xib */,
				BECA706C2351012800F8F336 /* Header.swift */,
				BE72BF0A2346F65D0091B5E7 /* UserDataType.swift */,
				BE72BF0C2346FF530091B5E7 /* SubredditDataType.swift */,
			);
			path = "Front Page";
			sourceTree = "<group>";
		};
		BE3089A72345E6E700E3A2BC /* Posts */ = {
			isa = PBXGroup;
			children = (
				BE7A818C2343C6DD00C9D490 /* PostsViewController.swift */,
				BE72BF0E23471D5A0091B5E7 /* PostObject.swift */,
				BE7A819223441F4700C9D490 /* PostCellTableViewCell.swift */,
				BE72BF082346F2DC0091B5E7 /* PostType.swift */,
			);
			path = Posts;
			sourceTree = "<group>";
		};
		BE612C182345843700FD87D4 /* Supporting */ = {
			isa = PBXGroup;
			children = (
				BE7A817A2343A8DB00C9D490 /* AppDelegate.swift */,
				BE612C1423452C8700FD87D4 /* icons */,
				BE7A81812343A8DD00C9D490 /* Assets.xcassets */,
				BE7A81832343A8DD00C9D490 /* LaunchScreen.storyboard */,
			);
			path = Supporting;
			sourceTree = "<group>";
		};
		BE72BF152347D1310091B5E7 /* Detail */ = {
			isa = PBXGroup;
			children = (
				BED91677234B2364002AAE0A /* ContentCells */,
				BE5E9D1323486E2600C78A80 /* ContentViewController.swift */,
				BED9166123487450002AAE0A /* Content.swift */,
				BE9095DE234FF15B00229873 /* CommentJson.swift */,
				BEE865C5234E4F29008BE15F /* ContentType.swift */,
				BED9166F234B0293002AAE0A /* CommentType.swift */,
			);
			path = Detail;
			sourceTree = "<group>";
		};
		BE72BF162347E5450091B5E7 /* Home Page */ = {
			isa = PBXGroup;
			children = (
				BED91667234AC48F002AAE0A /* LogIn.swift */,
				BE11073F234B9D9000CDDD5E /* RefreshLogin.swift */,
				BED91669234AD328002AAE0A /* UserDataUpdate.swift */,
				BE3089A62345E6CE00E3A2BC /* Front Page */,
				BE3089A72345E6E700E3A2BC /* Posts */,
				BE72BF152347D1310091B5E7 /* Detail */,
				BE7A817E2343A8DB00C9D490 /* Main.storyboard */,
				BECA7066235037DF00F8F336 /* SpinnerViewController.swift */,
				BEDFB1122354F5D1009CA00A /* Network.swift */,
			);
			path = "Home Page";
			sourceTree = "<group>";
		};
		BE72BF172347E5690091B5E7 /* Profile Page */ = {
			isa = PBXGroup;
			children = (
				BEDFB10F235184F4009CA00A /* ProfileCells */,
				BE7A818E2343DE9A00C9D490 /* ProfileViewController.swift */,
				BECA706E2351350D00F8F336 /* ProfileJson.swift */,
				BEDFB1102351A8AF009CA00A /* Profile.swift */,
			);
			path = "Profile Page";
			sourceTree = "<group>";
		};
		BE7A816E2343A8DB00C9D490 = {
			isa = PBXGroup;
			children = (
				BE7A81792343A8DB00C9D490 /* Reddit Client */,
				BE7A81782343A8DB00C9D490 /* Products */,
				BB742341B85C804A76723D58 /* Pods */,
				B9382A251E31184E53ACC071 /* Frameworks */,
			);
			sourceTree = "<group>";
		};
		BE7A81782343A8DB00C9D490 /* Products */ = {
			isa = PBXGroup;
			children = (
				BE7A81772343A8DB00C9D490 /* Reddit Client.app */,
			);
			name = Products;
			sourceTree = "<group>";
		};
		BE7A81792343A8DB00C9D490 /* Reddit Client */ = {
			isa = PBXGroup;
			children = (
				BE72BF1A2347ECA30091B5E7 /* UserData.swift */,
				BE72BF182347EB800091B5E7 /* UserData.plist */,
				BE72BF162347E5450091B5E7 /* Home Page */,
				BE72BF172347E5690091B5E7 /* Profile Page */,
				BE612C182345843700FD87D4 /* Supporting */,
				BE7A81862343A8DD00C9D490 /* Info.plist */,
			);
			path = "Reddit Client";
			sourceTree = "<group>";
		};
		BED91677234B2364002AAE0A /* ContentCells */ = {
			isa = PBXGroup;
			children = (
				BED91675234B235A002AAE0A /* RichVideoContentCell.swift */,
				BE110744234C2A6500CDDD5E /* RichVideoContentCell.xib */,
				BE90958A234ECFBE00229873 /* PlayYoutubeCell.swift */,
				BE909588234ECEF700229873 /* PlayYoutubeCell.xib */,
				BED91673234B2347002AAE0A /* LinkContentCell.swift */,
				BE110748234C2A9800CDDD5E /* LinkContentCell.xib */,
				BEE865C1234E4553008BE15F /* ImageContentCell.swift */,
				BEE865C2234E4553008BE15F /* ImageContentCell.xib */,
				BED9166D234AFC24002AAE0A /* CommentCell.swift */,
				BE110742234BBFE400CDDD5E /* ContentCell.swift */,
			);
			path = ContentCells;
			sourceTree = "<group>";
		};
		BEDFB10F235184F4009CA00A /* ProfileCells */ = {
			isa = PBXGroup;
			children = (
				BEDFB10B235184E3009CA00A /* ProfileCell.swift */,
				BEDFB10C235184E3009CA00A /* ProfileCell.xib */,
				BEDFB1142354FD05009CA00A /* ProfileCommentCell.swift */,
				BEDFB1152354FD05009CA00A /* ProfileCommentCell.xib */,
			);
			path = ProfileCells;
			sourceTree = "<group>";
		};
/* End PBXGroup section */

/* Begin PBXNativeTarget section */
		BE7A81762343A8DB00C9D490 /* Reddit Client */ = {
			isa = PBXNativeTarget;
			buildConfigurationList = BE7A81892343A8DD00C9D490 /* Build configuration list for PBXNativeTarget "Reddit Client" */;
			buildPhases = (
				72824AADEBC52A8AD5F7EBFE /* [CP] Check Pods Manifest.lock */,
				BE7A81732343A8DB00C9D490 /* Sources */,
				BE7A81742343A8DB00C9D490 /* Frameworks */,
				BE7A81752343A8DB00C9D490 /* Resources */,
				7061975429040206B5C91A14 /* [CP] Embed Pods Frameworks */,
			);
			buildRules = (
			);
			dependencies = (
			);
			name = "Reddit Client";
			packageProductDependencies = (
				BE3089A42345DE0F00E3A2BC /* Just */,
				BE72BF1123473F740091B5E7 /* SDWebImage */,
				BE72BF1323473F740091B5E7 /* SDWebImageMapKit */,
			);
			productName = "Reddit Client";
			productReference = BE7A81772343A8DB00C9D490 /* Reddit Client.app */;
			productType = "com.apple.product-type.application";
		};
/* End PBXNativeTarget section */

/* Begin PBXProject section */
		BE7A816F2343A8DB00C9D490 /* Project object */ = {
			isa = PBXProject;
			attributes = {
				LastSwiftUpdateCheck = 1030;
				LastUpgradeCheck = 1030;
				ORGANIZATIONNAME = kevinliu;
				TargetAttributes = {
					BE7A81762343A8DB00C9D490 = {
						CreatedOnToolsVersion = 10.3;
					};
				};
			};
			buildConfigurationList = BE7A81722343A8DB00C9D490 /* Build configuration list for PBXProject "Reddit Client" */;
			compatibilityVersion = "Xcode 10.0";
			developmentRegion = en;
			hasScannedForEncodings = 0;
			knownRegions = (
				en,
				Base,
			);
			mainGroup = BE7A816E2343A8DB00C9D490;
			packageReferences = (
				BE3089A32345DE0F00E3A2BC /* XCRemoteSwiftPackageReference "Just" */,
				BE72BF1023473F740091B5E7 /* XCRemoteSwiftPackageReference "SDWebImage" */,
			);
			productRefGroup = BE7A81782343A8DB00C9D490 /* Products */;
			projectDirPath = "";
			projectRoot = "";
			targets = (
				BE7A81762343A8DB00C9D490 /* Reddit Client */,
			);
		};
/* End PBXProject section */

/* Begin PBXResourcesBuildPhase section */
		BE7A81752343A8DB00C9D490 /* Resources */ = {
			isa = PBXResourcesBuildPhase;
			buildActionMask = 2147483647;
			files = (
				BE7A81852343A8DD00C9D490 /* LaunchScreen.storyboard in Resources */,
				BE612C1523452C8700FD87D4 /* icons in Resources */,
				BE7A81822343A8DD00C9D490 /* Assets.xcassets in Resources */,
				BEE865C4234E4553008BE15F /* ImageContentCell.xib in Resources */,
				BEDFB10E235184E3009CA00A /* ProfileCell.xib in Resources */,
				BE909589234ECEF700229873 /* PlayYoutubeCell.xib in Resources */,
				BE72BF192347EB800091B5E7 /* UserData.plist in Resources */,
				BEDFB1172354FD05009CA00A /* ProfileCommentCell.xib in Resources */,
				BE110749234C2A9800CDDD5E /* LinkContentCell.xib in Resources */,
				BECA706B2350FD0000F8F336 /* HeaderViewCell.xib in Resources */,
				BE7A81802343A8DB00C9D490 /* Main.storyboard in Resources */,
				BE110745234C2A6500CDDD5E /* RichVideoContentCell.xib in Resources */,
			);
			runOnlyForDeploymentPostprocessing = 0;
		};
/* End PBXResourcesBuildPhase section */

/* Begin PBXShellScriptBuildPhase section */
		7061975429040206B5C91A14 /* [CP] Embed Pods Frameworks */ = {
			isa = PBXShellScriptBuildPhase;
			buildActionMask = 2147483647;
			files = (
			);
			inputFileListPaths = (
				"${PODS_ROOT}/Target Support Files/Pods-Reddit Client/Pods-Reddit Client-frameworks-${CONFIGURATION}-input-files.xcfilelist",
			);
			name = "[CP] Embed Pods Frameworks";
			outputFileListPaths = (
				"${PODS_ROOT}/Target Support Files/Pods-Reddit Client/Pods-Reddit Client-frameworks-${CONFIGURATION}-output-files.xcfilelist",
			);
			runOnlyForDeploymentPostprocessing = 0;
			shellPath = /bin/sh;
			shellScript = "\"${PODS_ROOT}/Target Support Files/Pods-Reddit Client/Pods-Reddit Client-frameworks.sh\"\n";
			showEnvVarsInLog = 0;
		};
		72824AADEBC52A8AD5F7EBFE /* [CP] Check Pods Manifest.lock */ = {
			isa = PBXShellScriptBuildPhase;
			buildActionMask = 2147483647;
			files = (
			);
			inputFileListPaths = (
			);
			inputPaths = (
				"${PODS_PODFILE_DIR_PATH}/Podfile.lock",
				"${PODS_ROOT}/Manifest.lock",
			);
			name = "[CP] Check Pods Manifest.lock";
			outputFileListPaths = (
			);
			outputPaths = (
				"$(DERIVED_FILE_DIR)/Pods-Reddit Client-checkManifestLockResult.txt",
			);
			runOnlyForDeploymentPostprocessing = 0;
			shellPath = /bin/sh;
			shellScript = "diff \"${PODS_PODFILE_DIR_PATH}/Podfile.lock\" \"${PODS_ROOT}/Manifest.lock\" > /dev/null\nif [ $? != 0 ] ; then\n    # print error to STDERR\n    echo \"error: The sandbox is not in sync with the Podfile.lock. Run 'pod install' or update your CocoaPods installation.\" >&2\n    exit 1\nfi\n# This output is used by Xcode 'outputs' to avoid re-running this script phase.\necho \"SUCCESS\" > \"${SCRIPT_OUTPUT_FILE_0}\"\n";
			showEnvVarsInLog = 0;
		};
/* End PBXShellScriptBuildPhase section */

/* Begin PBXSourcesBuildPhase section */
		BE7A81732343A8DB00C9D490 /* Sources */ = {
			isa = PBXSourcesBuildPhase;
			buildActionMask = 2147483647;
			files = (
				BED91676234B235A002AAE0A /* RichVideoContentCell.swift in Sources */,
				BEDFB1112351A8AF009CA00A /* Profile.swift in Sources */,
				BE9095DF234FF15B00229873 /* CommentJson.swift in Sources */,
				BE110743234BBFE400CDDD5E /* ContentCell.swift in Sources */,
				BE7A817D2343A8DB00C9D490 /* ViewController.swift in Sources */,
				BECA7067235037DF00F8F336 /* SpinnerViewController.swift in Sources */,
				BE72BF092346F2DC0091B5E7 /* PostType.swift in Sources */,
				BE110741234BB87300CDDD5E /* CommentCell.swift in Sources */,
				BEDFB1132354F5D1009CA00A /* Network.swift in Sources */,
				BEE865C3234E4553008BE15F /* ImageContentCell.swift in Sources */,
				BE72BF0B2346F65D0091B5E7 /* UserDataType.swift in Sources */,
				BE7A817B2343A8DB00C9D490 /* AppDelegate.swift in Sources */,
				BECA706D2351012800F8F336 /* Header.swift in Sources */,
				BE5E9D1423486E2600C78A80 /* ContentViewController.swift in Sources */,
				BED91670234B0293002AAE0A /* CommentType.swift in Sources */,
				BE72BF1B2347ECA30091B5E7 /* UserData.swift in Sources */,
				BE110740234B9D9000CDDD5E /* RefreshLogin.swift in Sources */,
				BECA706F2351350D00F8F336 /* ProfileJson.swift in Sources */,
				BE7A819323441F4700C9D490 /* PostCellTableViewCell.swift in Sources */,
				BE90958B234ECFBE00229873 /* PlayYoutubeCell.swift in Sources */,
				BEE865C6234E4F29008BE15F /* ContentType.swift in Sources */,
				BED9166223487450002AAE0A /* Content.swift in Sources */,
				BE72BF0D2346FF530091B5E7 /* SubredditDataType.swift in Sources */,
				BEDFB1162354FD05009CA00A /* ProfileCommentCell.swift in Sources */,
				BECA706A2350FD0000F8F336 /* HeaderViewCell.swift in Sources */,
				BE7A818F2343DE9A00C9D490 /* ProfileViewController.swift in Sources */,
				BE7A818D2343C6DD00C9D490 /* PostsViewController.swift in Sources */,
				BED9166A234AD328002AAE0A /* UserDataUpdate.swift in Sources */,
				BE72BF0F23471D5A0091B5E7 /* PostObject.swift in Sources */,
				BED91674234B2347002AAE0A /* LinkContentCell.swift in Sources */,
				BEDFB10D235184E3009CA00A /* ProfileCell.swift in Sources */,
				BED91668234AC48F002AAE0A /* LogIn.swift in Sources */,
			);
			runOnlyForDeploymentPostprocessing = 0;
		};
/* End PBXSourcesBuildPhase section */

/* Begin PBXVariantGroup section */
		BE7A817E2343A8DB00C9D490 /* Main.storyboard */ = {
			isa = PBXVariantGroup;
			children = (
				BE7A817F2343A8DB00C9D490 /* Base */,
			);
			name = Main.storyboard;
			sourceTree = "<group>";
		};
		BE7A81832343A8DD00C9D490 /* LaunchScreen.storyboard */ = {
			isa = PBXVariantGroup;
			children = (
				BE7A81842343A8DD00C9D490 /* Base */,
			);
			name = LaunchScreen.storyboard;
			sourceTree = "<group>";
		};
/* End PBXVariantGroup section */

/* Begin XCBuildConfiguration section */
		BE7A81872343A8DD00C9D490 /* Debug */ = {
			isa = XCBuildConfiguration;
			buildSettings = {
				ALWAYS_SEARCH_USER_PATHS = NO;
				CLANG_ANALYZER_NONNULL = YES;
				CLANG_ANALYZER_NUMBER_OBJECT_CONVERSION = YES_AGGRESSIVE;
				CLANG_CXX_LANGUAGE_STANDARD = "gnu++14";
				CLANG_CXX_LIBRARY = "libc++";
				CLANG_ENABLE_MODULES = YES;
				CLANG_ENABLE_OBJC_ARC = YES;
				CLANG_ENABLE_OBJC_WEAK = YES;
				CLANG_WARN_BLOCK_CAPTURE_AUTORELEASING = YES;
				CLANG_WARN_BOOL_CONVERSION = YES;
				CLANG_WARN_COMMA = YES;
				CLANG_WARN_CONSTANT_CONVERSION = YES;
				CLANG_WARN_DEPRECATED_OBJC_IMPLEMENTATIONS = YES;
				CLANG_WARN_DIRECT_OBJC_ISA_USAGE = YES_ERROR;
				CLANG_WARN_DOCUMENTATION_COMMENTS = YES;
				CLANG_WARN_EMPTY_BODY = YES;
				CLANG_WARN_ENUM_CONVERSION = YES;
				CLANG_WARN_INFINITE_RECURSION = YES;
				CLANG_WARN_INT_CONVERSION = YES;
				CLANG_WARN_NON_LITERAL_NULL_CONVERSION = YES;
				CLANG_WARN_OBJC_IMPLICIT_RETAIN_SELF = YES;
				CLANG_WARN_OBJC_LITERAL_CONVERSION = YES;
				CLANG_WARN_OBJC_ROOT_CLASS = YES_ERROR;
				CLANG_WARN_RANGE_LOOP_ANALYSIS = YES;
				CLANG_WARN_STRICT_PROTOTYPES = YES;
				CLANG_WARN_SUSPICIOUS_MOVE = YES;
				CLANG_WARN_UNGUARDED_AVAILABILITY = YES_AGGRESSIVE;
				CLANG_WARN_UNREACHABLE_CODE = YES;
				CLANG_WARN__DUPLICATE_METHOD_MATCH = YES;
				CODE_SIGN_IDENTITY = "iPhone Developer";
				COPY_PHASE_STRIP = NO;
				DEBUG_INFORMATION_FORMAT = dwarf;
				ENABLE_STRICT_OBJC_MSGSEND = YES;
				ENABLE_TESTABILITY = YES;
				GCC_C_LANGUAGE_STANDARD = gnu11;
				GCC_DYNAMIC_NO_PIC = NO;
				GCC_NO_COMMON_BLOCKS = YES;
				GCC_OPTIMIZATION_LEVEL = 0;
				GCC_PREPROCESSOR_DEFINITIONS = (
					"DEBUG=1",
					"$(inherited)",
				);
				GCC_WARN_64_TO_32_BIT_CONVERSION = YES;
				GCC_WARN_ABOUT_RETURN_TYPE = YES_ERROR;
				GCC_WARN_UNDECLARED_SELECTOR = YES;
				GCC_WARN_UNINITIALIZED_AUTOS = YES_AGGRESSIVE;
				GCC_WARN_UNUSED_FUNCTION = YES;
				GCC_WARN_UNUSED_VARIABLE = YES;
				IPHONEOS_DEPLOYMENT_TARGET = 12.4;
				MTL_ENABLE_DEBUG_INFO = INCLUDE_SOURCE;
				MTL_FAST_MATH = YES;
				ONLY_ACTIVE_ARCH = YES;
				SDKROOT = iphoneos;
				SWIFT_ACTIVE_COMPILATION_CONDITIONS = DEBUG;
				SWIFT_OPTIMIZATION_LEVEL = "-Onone";
			};
			name = Debug;
		};
		BE7A81882343A8DD00C9D490 /* Release */ = {
			isa = XCBuildConfiguration;
			buildSettings = {
				ALWAYS_SEARCH_USER_PATHS = NO;
				CLANG_ANALYZER_NONNULL = YES;
				CLANG_ANALYZER_NUMBER_OBJECT_CONVERSION = YES_AGGRESSIVE;
				CLANG_CXX_LANGUAGE_STANDARD = "gnu++14";
				CLANG_CXX_LIBRARY = "libc++";
				CLANG_ENABLE_MODULES = YES;
				CLANG_ENABLE_OBJC_ARC = YES;
				CLANG_ENABLE_OBJC_WEAK = YES;
				CLANG_WARN_BLOCK_CAPTURE_AUTORELEASING = YES;
				CLANG_WARN_BOOL_CONVERSION = YES;
				CLANG_WARN_COMMA = YES;
				CLANG_WARN_CONSTANT_CONVERSION = YES;
				CLANG_WARN_DEPRECATED_OBJC_IMPLEMENTATIONS = YES;
				CLANG_WARN_DIRECT_OBJC_ISA_USAGE = YES_ERROR;
				CLANG_WARN_DOCUMENTATION_COMMENTS = YES;
				CLANG_WARN_EMPTY_BODY = YES;
				CLANG_WARN_ENUM_CONVERSION = YES;
				CLANG_WARN_INFINITE_RECURSION = YES;
				CLANG_WARN_INT_CONVERSION = YES;
				CLANG_WARN_NON_LITERAL_NULL_CONVERSION = YES;
				CLANG_WARN_OBJC_IMPLICIT_RETAIN_SELF = YES;
				CLANG_WARN_OBJC_LITERAL_CONVERSION = YES;
				CLANG_WARN_OBJC_ROOT_CLASS = YES_ERROR;
				CLANG_WARN_RANGE_LOOP_ANALYSIS = YES;
				CLANG_WARN_STRICT_PROTOTYPES = YES;
				CLANG_WARN_SUSPICIOUS_MOVE = YES;
				CLANG_WARN_UNGUARDED_AVAILABILITY = YES_AGGRESSIVE;
				CLANG_WARN_UNREACHABLE_CODE = YES;
				CLANG_WARN__DUPLICATE_METHOD_MATCH = YES;
				CODE_SIGN_IDENTITY = "iPhone Developer";
				COPY_PHASE_STRIP = NO;
				DEBUG_INFORMATION_FORMAT = "dwarf-with-dsym";
				ENABLE_NS_ASSERTIONS = NO;
				ENABLE_STRICT_OBJC_MSGSEND = YES;
				GCC_C_LANGUAGE_STANDARD = gnu11;
				GCC_NO_COMMON_BLOCKS = YES;
				GCC_WARN_64_TO_32_BIT_CONVERSION = YES;
				GCC_WARN_ABOUT_RETURN_TYPE = YES_ERROR;
				GCC_WARN_UNDECLARED_SELECTOR = YES;
				GCC_WARN_UNINITIALIZED_AUTOS = YES_AGGRESSIVE;
				GCC_WARN_UNUSED_FUNCTION = YES;
				GCC_WARN_UNUSED_VARIABLE = YES;
				IPHONEOS_DEPLOYMENT_TARGET = 12.4;
				MTL_ENABLE_DEBUG_INFO = NO;
				MTL_FAST_MATH = YES;
				SDKROOT = iphoneos;
				SWIFT_COMPILATION_MODE = wholemodule;
				SWIFT_OPTIMIZATION_LEVEL = "-O";
				VALIDATE_PRODUCT = YES;
			};
			name = Release;
		};
		BE7A818A2343A8DD00C9D490 /* Debug */ = {
			isa = XCBuildConfiguration;
			baseConfigurationReference = 8FAF4821889A2A4E168818DE /* Pods-Reddit Client.debug.xcconfig */;
			buildSettings = {
				ASSETCATALOG_COMPILER_APPICON_NAME = "AppIcon-1";
				CODE_SIGN_STYLE = Automatic;
				DEVELOPMENT_TEAM = VDUMPYJ7FG;
				INFOPLIST_FILE = "Reddit Client/Info.plist";
				IPHONEOS_DEPLOYMENT_TARGET = 13.0;
				LD_RUNPATH_SEARCH_PATHS = (
					"$(inherited)",
					"@executable_path/Frameworks",
				);
				PRODUCT_BUNDLE_IDENTIFIER = "com.kevinliu.Reddit-Client";
				PRODUCT_NAME = "$(TARGET_NAME)";
				SWIFT_VERSION = 5.0;
				TARGETED_DEVICE_FAMILY = 1;
			};
			name = Debug;
		};
		BE7A818B2343A8DD00C9D490 /* Release */ = {
			isa = XCBuildConfiguration;
			baseConfigurationReference = C388F4C366727284DE69AE70 /* Pods-Reddit Client.release.xcconfig */;
			buildSettings = {
				ASSETCATALOG_COMPILER_APPICON_NAME = "AppIcon-1";
				CODE_SIGN_STYLE = Automatic;
				DEVELOPMENT_TEAM = VDUMPYJ7FG;
				INFOPLIST_FILE = "Reddit Client/Info.plist";
				IPHONEOS_DEPLOYMENT_TARGET = 13.0;
				LD_RUNPATH_SEARCH_PATHS = (
					"$(inherited)",
					"@executable_path/Frameworks",
				);
				PRODUCT_BUNDLE_IDENTIFIER = "com.kevinliu.Reddit-Client";
				PRODUCT_NAME = "$(TARGET_NAME)";
				SWIFT_VERSION = 5.0;
				TARGETED_DEVICE_FAMILY = 1;
			};
			name = Release;
		};
/* End XCBuildConfiguration section */

/* Begin XCConfigurationList section */
		BE7A81722343A8DB00C9D490 /* Build configuration list for PBXProject "Reddit Client" */ = {
			isa = XCConfigurationList;
			buildConfigurations = (
				BE7A81872343A8DD00C9D490 /* Debug */,
				BE7A81882343A8DD00C9D490 /* Release */,
			);
			defaultConfigurationIsVisible = 0;
			defaultConfigurationName = Release;
		};
		BE7A81892343A8DD00C9D490 /* Build configuration list for PBXNativeTarget "Reddit Client" */ = {
			isa = XCConfigurationList;
			buildConfigurations = (
				BE7A818A2343A8DD00C9D490 /* Debug */,
				BE7A818B2343A8DD00C9D490 /* Release */,
			);
			defaultConfigurationIsVisible = 0;
			defaultConfigurationName = Release;
		};
/* End XCConfigurationList section */

/* Begin XCRemoteSwiftPackageReference section */
		BE3089A32345DE0F00E3A2BC /* XCRemoteSwiftPackageReference "Just" */ = {
			isa = XCRemoteSwiftPackageReference;
			repositoryURL = "https://github.com/dduan/Just.git";
			requirement = {
				kind = upToNextMajorVersion;
				minimumVersion = 0.8.0;
			};
		};
		BE72BF1023473F740091B5E7 /* XCRemoteSwiftPackageReference "SDWebImage" */ = {
			isa = XCRemoteSwiftPackageReference;
			repositoryURL = "https://github.com/SDWebImage/SDWebImage.git";
			requirement = {
				kind = upToNextMajorVersion;
				minimumVersion = 5.2.2;
			};
		};
/* End XCRemoteSwiftPackageReference section */

/* Begin XCSwiftPackageProductDependency section */
		BE3089A42345DE0F00E3A2BC /* Just */ = {
			isa = XCSwiftPackageProductDependency;
			package = BE3089A32345DE0F00E3A2BC /* XCRemoteSwiftPackageReference "Just" */;
			productName = Just;
		};
		BE72BF1123473F740091B5E7 /* SDWebImage */ = {
			isa = XCSwiftPackageProductDependency;
			package = BE72BF1023473F740091B5E7 /* XCRemoteSwiftPackageReference "SDWebImage" */;
			productName = SDWebImage;
		};
		BE72BF1323473F740091B5E7 /* SDWebImageMapKit */ = {
			isa = XCSwiftPackageProductDependency;
			package = BE72BF1023473F740091B5E7 /* XCRemoteSwiftPackageReference "SDWebImage" */;
			productName = SDWebImageMapKit;
		};
/* End XCSwiftPackageProductDependency section */
	};
	rootObject = BE7A816F2343A8DB00C9D490 /* Project object */;
}
