{
  "object": {
    "pins": [
      {
        "package": "Just",
        "repositoryURL": "https://github.com/dduan/Just.git",
        "state": {
          "branch": null,
          "revision": "1824bf84cf52d11d69ae20cfb89f0ce5bffa5650",
          "version": "0.8.0"
        }
      },
      {
        "package": "SDWebImage",
        "repositoryURL": "https://github.com/SDWebImage/SDWebImage.git",
        "state": {
          "branch": null,
          "revision": "a42a22ff88ae300d888942ffd801e9744a11027e",
          "version": "5.2.3"
        }
      }
    ]
  },
  "version": 1
}
